{
  "name": "react-html-webpack-plugin",
  "version": "1.0.3",
  "lockfileVersion": 1,
  "requires": true,
  "dependencies": {
    "eval": {
      "version": "0.1.3",
      "resolved": "https://registry.npmjs.org/eval/-/eval-0.1.3.tgz",
      "integrity": "sha512-lDBa3hl9YynB+3J7aNPaajAapr+7ZiAylqFeUmx/r9s7I0tkkUJFLw2CQ2oMRYGg/rL7g4IYkZenbKaQGKPnGQ==",
      "requires": {
        "require-like": ">= 0.1.1"
      }
    },
    "require-like": {
      "version": "0.1.2",
      "resolved": "https://nexus.qdx.tools/repository/npm-all/require-like/-/require-like-0.1.2.tgz",
      "integrity": "sha1-rW8wwTvs15cBDEaK+ndcDAprR/o="
    }
  }
}
